// !$*UTF8*$!
{
	archiveVersion = 1;
	classes = {
	};
	objectVersion = 55;
	objects = {

/* Begin PBXBuildFile section */
		6E1AC3EA28DE4A1A008CF6DD /* PizzaModel.swift in Sources */ = {isa = PBXBuildFile; fileRef = 6E1AC3E928DE4A1A008CF6DD /* PizzaModel.swift */; };
		6E1AC3EC28DE4C5D008CF6DD /* PizzaAnnotation.swift in Sources */ = {isa = PBXBuildFile; fileRef = 6E1AC3EB28DE4C5D008CF6DD /* PizzaAnnotation.swift */; };
		6E410D60291DB00A0096F768 /* AddProfileView.swift in Sources */ = {isa = PBXBuildFile; fileRef = 6E410D5F291DB00A0096F768 /* AddProfileView.swift */; };
		6E410D64291F13240096F768 /* PizzaMapView.swift in Sources */ = {isa = PBXBuildFile; fileRef = 6E410D63291F13240096F768 /* PizzaMapView.swift */; };
		6E410D67291F174E0096F768 /* LocationManager.swift in Sources */ = {isa = PBXBuildFile; fileRef = 6E410D66291F174E0096F768 /* LocationManager.swift */; };
		6ECC428B2895965E00883EA6 /* PizzaIntroView.swift in Sources */ = {isa = PBXBuildFile; fileRef = 6ECC428A2895965E00883EA6 /* PizzaIntroView.swift */; };
		6ECC428D2895BF0800883EA6 /* MainTabBarControllerViewController.swift in Sources */ = {isa = PBXBuildFile; fileRef = 6ECC428C2895BF0800883EA6 /* MainTabBarControllerViewController.swift */; };
		6ECC428F2895C66A00883EA6 /* PizzaMapViewController.swift in Sources */ = {isa = PBXBuildFile; fileRef = 6ECC428E2895C66A00883EA6 /* PizzaMapViewController.swift */; };
		6ED559C4291D7BE500132B07 /* PizzaTableView.swift in Sources */ = {isa = PBXBuildFile; fileRef = 6ED559C3291D7BE500132B07 /* PizzaTableView.swift */; };
		6ED559C6291DADFF00132B07 /* AddPizzaViewController.swift in Sources */ = {isa = PBXBuildFile; fileRef = 6ED559C5291DADFF00132B07 /* AddPizzaViewController.swift */; };
		6ED747612980EFA90078345B /* CoreDataStruct.swift in Sources */ = {isa = PBXBuildFile; fileRef = 6ED747602980EFA90078345B /* CoreDataStruct.swift */; };
		6ED747652980FB6E0078345B /* PizzaTableViewCell.swift in Sources */ = {isa = PBXBuildFile; fileRef = 6ED747642980FB6E0078345B /* PizzaTableViewCell.swift */; };
		6EE1429529345D2200473E04 /* PizzaCDModel.xcdatamodeld in Sources */ = {isa = PBXBuildFile; fileRef = 6EE1429329345D2200473E04 /* PizzaCDModel.xcdatamodeld */; };
		6EE1429829346B7800473E04 /* PizzaPlace+CoreDataClass.swift in Sources */ = {isa = PBXBuildFile; fileRef = 6EE1429629346B7800473E04 /* PizzaPlace+CoreDataClass.swift */; };
		6EE1429929346B7800473E04 /* PizzaPlace+CoreDataProperties.swift in Sources */ = {isa = PBXBuildFile; fileRef = 6EE1429729346B7800473E04 /* PizzaPlace+CoreDataProperties.swift */; };
		6EF6349427CC6B1400F8BFB2 /* AppDelegate.swift in Sources */ = {isa = PBXBuildFile; fileRef = 6EF6349327CC6B1400F8BFB2 /* AppDelegate.swift */; };
		6EF6349627CC6B1400F8BFB2 /* SceneDelegate.swift in Sources */ = {isa = PBXBuildFile; fileRef = 6EF6349527CC6B1400F8BFB2 /* SceneDelegate.swift */; };
		6EF6349827CC6B1400F8BFB2 /* PizzaIntroViewController.swift in Sources */ = {isa = PBXBuildFile; fileRef = 6EF6349727CC6B1400F8BFB2 /* PizzaIntroViewController.swift */; };
		6EF6349D27CC6B1400F8BFB2 /* Assets.xcassets in Resources */ = {isa = PBXBuildFile; fileRef = 6EF6349C27CC6B1400F8BFB2 /* Assets.xcassets */; };
		6EF634A027CC6B1400F8BFB2 /* LaunchScreen.storyboard in Resources */ = {isa = PBXBuildFile; fileRef = 6EF6349E27CC6B1400F8BFB2 /* LaunchScreen.storyboard */; };
		6EF634A827CD516F00F8BFB2 /* PizzaListTableViewController.swift in Sources */ = {isa = PBXBuildFile; fileRef = 6EF634A727CD516F00F8BFB2 /* PizzaListTableViewController.swift */; };
/* End PBXBuildFile section */

/* Begin PBXFileReference section */
		6E1AC3E928DE4A1A008CF6DD /* PizzaModel.swift */ = {isa = PBXFileReference; lastKnownFileType = sourcecode.swift; path = PizzaModel.swift; sourceTree = "<group>"; };
		6E1AC3EB28DE4C5D008CF6DD /* PizzaAnnotation.swift */ = {isa = PBXFileReference; lastKnownFileType = sourcecode.swift; path = PizzaAnnotation.swift; sourceTree = "<group>"; };
		6E410D5F291DB00A0096F768 /* AddProfileView.swift */ = {isa = PBXFileReference; lastKnownFileType = sourcecode.swift; path = AddProfileView.swift; sourceTree = "<group>"; };
		6E410D63291F13240096F768 /* PizzaMapView.swift */ = {isa = PBXFileReference; lastKnownFileType = sourcecode.swift; path = PizzaMapView.swift; sourceTree = "<group>"; };
		6E410D66291F174E0096F768 /* LocationManager.swift */ = {isa = PBXFileReference; lastKnownFileType = sourcecode.swift; path = LocationManager.swift; sourceTree = "<group>"; };
		6ECC428A2895965E00883EA6 /* PizzaIntroView.swift */ = {isa = PBXFileReference; lastKnownFileType = sourcecode.swift; path = PizzaIntroView.swift; sourceTree = "<group>"; };
		6ECC428C2895BF0800883EA6 /* MainTabBarControllerViewController.swift */ = {isa = PBXFileReference; lastKnownFileType = sourcecode.swift; path = MainTabBarControllerViewController.swift; sourceTree = "<group>"; };
		6ECC428E2895C66A00883EA6 /* PizzaMapViewController.swift */ = {isa = PBXFileReference; lastKnownFileType = sourcecode.swift; path = PizzaMapViewController.swift; sourceTree = "<group>"; };
		6ED559C3291D7BE500132B07 /* PizzaTableView.swift */ = {isa = PBXFileReference; lastKnownFileType = sourcecode.swift; path = PizzaTableView.swift; sourceTree = "<group>"; };
		6ED559C5291DADFF00132B07 /* AddPizzaViewController.swift */ = {isa = PBXFileReference; lastKnownFileType = sourcecode.swift; path = AddPizzaViewController.swift; sourceTree = "<group>"; };
		6ED747602980EFA90078345B /* CoreDataStruct.swift */ = {isa = PBXFileReference; lastKnownFileType = sourcecode.swift; path = CoreDataStruct.swift; sourceTree = "<group>"; };
		6ED747642980FB6E0078345B /* PizzaTableViewCell.swift */ = {isa = PBXFileReference; lastKnownFileType = sourcecode.swift; path = PizzaTableViewCell.swift; sourceTree = "<group>"; };
		6EE1429429345D2200473E04 /* PizzaCDModel.xcdatamodel */ = {isa = PBXFileReference; lastKnownFileType = wrapper.xcdatamodel; path = PizzaCDModel.xcdatamodel; sourceTree = "<group>"; };
		6EE1429629346B7800473E04 /* PizzaPlace+CoreDataClass.swift */ = {isa = PBXFileReference; lastKnownFileType = sourcecode.swift; path = "PizzaPlace+CoreDataClass.swift"; sourceTree = "<group>"; };
		6EE1429729346B7800473E04 /* PizzaPlace+CoreDataProperties.swift */ = {isa = PBXFileReference; lastKnownFileType = sourcecode.swift; path = "PizzaPlace+CoreDataProperties.swift"; sourceTree = "<group>"; };
		6EF6349027CC6B1400F8BFB2 /* PizzaDiary.app */ = {isa = PBXFileReference; explicitFileType = wrapper.application; includeInIndex = 0; path = PizzaDiary.app; sourceTree = BUILT_PRODUCTS_DIR; };
		6EF6349327CC6B1400F8BFB2 /* AppDelegate.swift */ = {isa = PBXFileReference; lastKnownFileType = sourcecode.swift; path = AppDelegate.swift; sourceTree = "<group>"; };
		6EF6349527CC6B1400F8BFB2 /* SceneDelegate.swift */ = {isa = PBXFileReference; lastKnownFileType = sourcecode.swift; path = SceneDelegate.swift; sourceTree = "<group>"; };
		6EF6349727CC6B1400F8BFB2 /* PizzaIntroViewController.swift */ = {isa = PBXFileReference; lastKnownFileType = sourcecode.swift; path = PizzaIntroViewController.swift; sourceTree = "<group>"; };
		6EF6349C27CC6B1400F8BFB2 /* Assets.xcassets */ = {isa = PBXFileReference; lastKnownFileType = folder.assetcatalog; path = Assets.xcassets; sourceTree = "<group>"; };
		6EF6349F27CC6B1400F8BFB2 /* Base */ = {isa = PBXFileReference; lastKnownFileType = file.storyboard; name = Base; path = Base.lproj/LaunchScreen.storyboard; sourceTree = "<group>"; };
		6EF634A127CC6B1400F8BFB2 /* Info.plist */ = {isa = PBXFileReference; lastKnownFileType = text.plist.xml; path = Info.plist; sourceTree = "<group>"; };
		6EF634A727CD516F00F8BFB2 /* PizzaListTableViewController.swift */ = {isa = PBXFileReference; lastKnownFileType = sourcecode.swift; path = PizzaListTableViewController.swift; sourceTree = "<group>"; };
/* End PBXFileReference section */

/* Begin PBXFrameworksBuildPhase section */
		6EF6348D27CC6B1400F8BFB2 /* Frameworks */ = {
			isa = PBXFrameworksBuildPhase;
			buildActionMask = 2147483647;
			files = (
			);
			runOnlyForDeploymentPostprocessing = 0;
		};
/* End PBXFrameworksBuildPhase section */

/* Begin PBXGroup section */
		6E1AC3E728DE4885008CF6DD /* Intro */ = {
			isa = PBXGroup;
			children = (
				6EF6349727CC6B1400F8BFB2 /* PizzaIntroViewController.swift */,
				6ECC428A2895965E00883EA6 /* PizzaIntroView.swift */,
			);
			path = Intro;
			sourceTree = "<group>";
		};
		6E1AC3E828DE4900008CF6DD /* Models */ = {
			isa = PBXGroup;
			children = (
				6ED7475F2980EF910078345B /* CoreDataMethods */,
				6E1AC3E928DE4A1A008CF6DD /* PizzaModel.swift */,
				6E1AC3EB28DE4C5D008CF6DD /* PizzaAnnotation.swift */,
				6E410D66291F174E0096F768 /* LocationManager.swift */,
				6EE1429A2934702800473E04 /* CoreData */,
			);
			path = Models;
			sourceTree = "<group>";
		};
		6E410D65291F132A0096F768 /* MapView + Controller */ = {
			isa = PBXGroup;
			children = (
				6ECC428E2895C66A00883EA6 /* PizzaMapViewController.swift */,
				6E410D63291F13240096F768 /* PizzaMapView.swift */,
			);
			path = "MapView + Controller";
			sourceTree = "<group>";
		};
		6ECC42892895964A00883EA6 /* Views */ = {
			isa = PBXGroup;
			children = (
				6E1AC3E728DE4885008CF6DD /* Intro */,
				6ED559C1291C5FC100132B07 /* Pizza Map + List Views and ViewController */,
				6ED559C0291C5FB700132B07 /* TabBar */,
				6ED559C7291DAE0700132B07 /* AddPizza */,
			);
			path = Views;
			sourceTree = "<group>";
		};
		6ED559C0291C5FB700132B07 /* TabBar */ = {
			isa = PBXGroup;
			children = (
				6ECC428C2895BF0800883EA6 /* MainTabBarControllerViewController.swift */,
			);
			path = TabBar;
			sourceTree = "<group>";
		};
		6ED559C1291C5FC100132B07 /* Pizza Map + List Views and ViewController */ = {
			isa = PBXGroup;
			children = (
				6ED747632980FB490078345B /* PizzaCell */,
				6ED559C2291D7BC400132B07 /* TableView + Controller */,
				6E410D65291F132A0096F768 /* MapView + Controller */,
			);
			path = "Pizza Map + List Views and ViewController";
			sourceTree = "<group>";
		};
		6ED559C2291D7BC400132B07 /* TableView + Controller */ = {
			isa = PBXGroup;
			children = (
				6EF634A727CD516F00F8BFB2 /* PizzaListTableViewController.swift */,
				6ED559C3291D7BE500132B07 /* PizzaTableView.swift */,
			);
			path = "TableView + Controller";
			sourceTree = "<group>";
		};
		6ED559C7291DAE0700132B07 /* AddPizza */ = {
			isa = PBXGroup;
			children = (
				6ED559C5291DADFF00132B07 /* AddPizzaViewController.swift */,
				6E410D5F291DB00A0096F768 /* AddProfileView.swift */,
			);
			path = AddPizza;
			sourceTree = "<group>";
		};
		6ED7475F2980EF910078345B /* CoreDataMethods */ = {
			isa = PBXGroup;
			children = (
				6ED747602980EFA90078345B /* CoreDataStruct.swift */,
			);
			path = CoreDataMethods;
			sourceTree = "<group>";
		};
		6ED747622980F0430078345B /* Controller */ = {
			isa = PBXGroup;
			children = (
			);
			path = Controller;
			sourceTree = "<group>";
		};
		6ED747632980FB490078345B /* PizzaCell */ = {
			isa = PBXGroup;
			children = (
				6ED747642980FB6E0078345B /* PizzaTableViewCell.swift */,
			);
			path = PizzaCell;
			sourceTree = "<group>";
		};
		6EE1429A2934702800473E04 /* CoreData */ = {
			isa = PBXGroup;
			children = (
				6EE1429329345D2200473E04 /* PizzaCDModel.xcdatamodeld */,
				6EE1429629346B7800473E04 /* PizzaPlace+CoreDataClass.swift */,
				6EE1429729346B7800473E04 /* PizzaPlace+CoreDataProperties.swift */,
			);
			path = CoreData;
			sourceTree = "<group>";
		};
		6EF6348727CC6B1400F8BFB2 = {
			isa = PBXGroup;
			children = (
				6EF6349227CC6B1400F8BFB2 /* PizzaDiary */,
				6EF6349127CC6B1400F8BFB2 /* Products */,
			);
			sourceTree = "<group>";
		};
		6EF6349127CC6B1400F8BFB2 /* Products */ = {
			isa = PBXGroup;
			children = (
				6EF6349027CC6B1400F8BFB2 /* PizzaDiary.app */,
			);
			name = Products;
			sourceTree = "<group>";
		};
		6EF6349227CC6B1400F8BFB2 /* PizzaDiary */ = {
			isa = PBXGroup;
			children = (
				6ED747622980F0430078345B /* Controller */,
				6EF6349327CC6B1400F8BFB2 /* AppDelegate.swift */,
				6EF6349527CC6B1400F8BFB2 /* SceneDelegate.swift */,
				6ECC42892895964A00883EA6 /* Views */,
				6E1AC3E828DE4900008CF6DD /* Models */,
				6EF6349C27CC6B1400F8BFB2 /* Assets.xcassets */,
				6EF6349E27CC6B1400F8BFB2 /* LaunchScreen.storyboard */,
				6EF634A127CC6B1400F8BFB2 /* Info.plist */,
			);
			path = PizzaDiary;
			sourceTree = "<group>";
		};
/* End PBXGroup section */

/* Begin PBXNativeTarget section */
		6EF6348F27CC6B1400F8BFB2 /* PizzaDiary */ = {
			isa = PBXNativeTarget;
			buildConfigurationList = 6EF634A427CC6B1400F8BFB2 /* Build configuration list for PBXNativeTarget "PizzaDiary" */;
			buildPhases = (
				6EF6348C27CC6B1400F8BFB2 /* Sources */,
				6EF6348D27CC6B1400F8BFB2 /* Frameworks */,
				6EF6348E27CC6B1400F8BFB2 /* Resources */,
			);
			buildRules = (
			);
			dependencies = (
			);
			name = PizzaDiary;
			productName = PizzaDiary;
			productReference = 6EF6349027CC6B1400F8BFB2 /* PizzaDiary.app */;
			productType = "com.apple.product-type.application";
		};
/* End PBXNativeTarget section */

/* Begin PBXProject section */
		6EF6348827CC6B1400F8BFB2 /* Project object */ = {
			isa = PBXProject;
			attributes = {
				BuildIndependentTargetsInParallel = 1;
				LastSwiftUpdateCheck = 1320;
				LastUpgradeCheck = 1320;
				TargetAttributes = {
					6EF6348F27CC6B1400F8BFB2 = {
						CreatedOnToolsVersion = 13.2.1;
					};
				};
			};
			buildConfigurationList = 6EF6348B27CC6B1400F8BFB2 /* Build configuration list for PBXProject "PizzaDiary" */;
			compatibilityVersion = "Xcode 13.0";
			developmentRegion = en;
			hasScannedForEncodings = 0;
			knownRegions = (
				en,
				Base,
			);
			mainGroup = 6EF6348727CC6B1400F8BFB2;
			productRefGroup = 6EF6349127CC6B1400F8BFB2 /* Products */;
			projectDirPath = "";
			projectRoot = "";
			targets = (
				6EF6348F27CC6B1400F8BFB2 /* PizzaDiary */,
			);
		};
/* End PBXProject section */

/* Begin PBXResourcesBuildPhase section */
		6EF6348E27CC6B1400F8BFB2 /* Resources */ = {
			isa = PBXResourcesBuildPhase;
			buildActionMask = 2147483647;
			files = (
				6EF634A027CC6B1400F8BFB2 /* LaunchScreen.storyboard in Resources */,
				6EF6349D27CC6B1400F8BFB2 /* Assets.xcassets in Resources */,
			);
			runOnlyForDeploymentPostprocessing = 0;
		};
/* End PBXResourcesBuildPhase section */

/* Begin PBXSourcesBuildPhase section */
		6EF6348C27CC6B1400F8BFB2 /* Sources */ = {
			isa = PBXSourcesBuildPhase;
			buildActionMask = 2147483647;
			files = (
				6EE1429829346B7800473E04 /* PizzaPlace+CoreDataClass.swift in Sources */,
				6EF6349827CC6B1400F8BFB2 /* PizzaIntroViewController.swift in Sources */,
				6EF6349427CC6B1400F8BFB2 /* AppDelegate.swift in Sources */,
				6ED559C6291DADFF00132B07 /* AddPizzaViewController.swift in Sources */,
				6E1AC3EA28DE4A1A008CF6DD /* PizzaModel.swift in Sources */,
				6ED747612980EFA90078345B /* CoreDataStruct.swift in Sources */,
				6ECC428F2895C66A00883EA6 /* PizzaMapViewController.swift in Sources */,
				6ED559C4291D7BE500132B07 /* PizzaTableView.swift in Sources */,
				6EF634A827CD516F00F8BFB2 /* PizzaListTableViewController.swift in Sources */,
				6EF6349627CC6B1400F8BFB2 /* SceneDelegate.swift in Sources */,
				6E410D60291DB00A0096F768 /* AddProfileView.swift in Sources */,
				6E1AC3EC28DE4C5D008CF6DD /* PizzaAnnotation.swift in Sources */,
				6E410D67291F174E0096F768 /* LocationManager.swift in Sources */,
				6ED747652980FB6E0078345B /* PizzaTableViewCell.swift in Sources */,
				6ECC428B2895965E00883EA6 /* PizzaIntroView.swift in Sources */,
				6ECC428D2895BF0800883EA6 /* MainTabBarControllerViewController.swift in Sources */,
				6EE1429929346B7800473E04 /* PizzaPlace+CoreDataProperties.swift in Sources */,
				6EE1429529345D2200473E04 /* PizzaCDModel.xcdatamodeld in Sources */,
				6E410D64291F13240096F768 /* PizzaMapView.swift in Sources */,
			);
			runOnlyForDeploymentPostprocessing = 0;
		};
/* End PBXSourcesBuildPhase section */

/* Begin PBXVariantGroup section */
		6EF6349E27CC6B1400F8BFB2 /* LaunchScreen.storyboard */ = {
			isa = PBXVariantGroup;
			children = (
				6EF6349F27CC6B1400F8BFB2 /* Base */,
			);
			name = LaunchScreen.storyboard;
			sourceTree = "<group>";
		};
/* End PBXVariantGroup section */

/* Begin XCBuildConfiguration section */
		6EF634A227CC6B1400F8BFB2 /* Debug */ = {
			isa = XCBuildConfiguration;
			buildSettings = {
				ALWAYS_SEARCH_USER_PATHS = NO;
				CLANG_ANALYZER_NONNULL = YES;
				CLANG_ANALYZER_NUMBER_OBJECT_CONVERSION = YES_AGGRESSIVE;
				CLANG_CXX_LANGUAGE_STANDARD = "gnu++17";
				CLANG_CXX_LIBRARY = "libc++";
				CLANG_ENABLE_MODULES = YES;
				CLANG_ENABLE_OBJC_ARC = YES;
				CLANG_ENABLE_OBJC_WEAK = YES;
				CLANG_WARN_BLOCK_CAPTURE_AUTORELEASING = YES;
				CLANG_WARN_BOOL_CONVERSION = YES;
				CLANG_WARN_COMMA = YES;
				CLANG_WARN_CONSTANT_CONVERSION = YES;
				CLANG_WARN_DEPRECATED_OBJC_IMPLEMENTATIONS = YES;
				CLANG_WARN_DIRECT_OBJC_ISA_USAGE = YES_ERROR;
				CLANG_WARN_DOCUMENTATION_COMMENTS = YES;
				CLANG_WARN_EMPTY_BODY = YES;
				CLANG_WARN_ENUM_CONVERSION = YES;
				CLANG_WARN_INFINITE_RECURSION = YES;
				CLANG_WARN_INT_CONVERSION = YES;
				CLANG_WARN_NON_LITERAL_NULL_CONVERSION = YES;
				CLANG_WARN_OBJC_IMPLICIT_RETAIN_SELF = YES;
				CLANG_WARN_OBJC_LITERAL_CONVERSION = YES;
				CLANG_WARN_OBJC_ROOT_CLASS = YES_ERROR;
				CLANG_WARN_QUOTED_INCLUDE_IN_FRAMEWORK_HEADER = YES;
				CLANG_WARN_RANGE_LOOP_ANALYSIS = YES;
				CLANG_WARN_STRICT_PROTOTYPES = YES;
				CLANG_WARN_SUSPICIOUS_MOVE = YES;
				CLANG_WARN_UNGUARDED_AVAILABILITY = YES_AGGRESSIVE;
				CLANG_WARN_UNREACHABLE_CODE = YES;
				CLANG_WARN__DUPLICATE_METHOD_MATCH = YES;
				COPY_PHASE_STRIP = NO;
				DEBUG_INFORMATION_FORMAT = dwarf;
				ENABLE_STRICT_OBJC_MSGSEND = YES;
				ENABLE_TESTABILITY = YES;
				GCC_C_LANGUAGE_STANDARD = gnu11;
				GCC_DYNAMIC_NO_PIC = NO;
				GCC_NO_COMMON_BLOCKS = YES;
				GCC_OPTIMIZATION_LEVEL = 0;
				GCC_PREPROCESSOR_DEFINITIONS = (
					"DEBUG=1",
					"$(inherited)",
				);
				GCC_WARN_64_TO_32_BIT_CONVERSION = YES;
				GCC_WARN_ABOUT_RETURN_TYPE = YES_ERROR;
				GCC_WARN_UNDECLARED_SELECTOR = YES;
				GCC_WARN_UNINITIALIZED_AUTOS = YES_AGGRESSIVE;
				GCC_WARN_UNUSED_FUNCTION = YES;
				GCC_WARN_UNUSED_VARIABLE = YES;
				IPHONEOS_DEPLOYMENT_TARGET = 15.2;
				MTL_ENABLE_DEBUG_INFO = INCLUDE_SOURCE;
				MTL_FAST_MATH = YES;
				ONLY_ACTIVE_ARCH = YES;
				SDKROOT = iphoneos;
				SWIFT_ACTIVE_COMPILATION_CONDITIONS = DEBUG;
				SWIFT_OPTIMIZATION_LEVEL = "-Onone";
			};
			name = Debug;
		};
		6EF634A327CC6B1400F8BFB2 /* Release */ = {
			isa = XCBuildConfiguration;
			buildSettings = {
				ALWAYS_SEARCH_USER_PATHS = NO;
				CLANG_ANALYZER_NONNULL = YES;
				CLANG_ANALYZER_NUMBER_OBJECT_CONVERSION = YES_AGGRESSIVE;
				CLANG_CXX_LANGUAGE_STANDARD = "gnu++17";
				CLANG_CXX_LIBRARY = "libc++";
				CLANG_ENABLE_MODULES = YES;
				CLANG_ENABLE_OBJC_ARC = YES;
				CLANG_ENABLE_OBJC_WEAK = YES;
				CLANG_WARN_BLOCK_CAPTURE_AUTORELEASING = YES;
				CLANG_WARN_BOOL_CONVERSION = YES;
				CLANG_WARN_COMMA = YES;
				CLANG_WARN_CONSTANT_CONVERSION = YES;
				CLANG_WARN_DEPRECATED_OBJC_IMPLEMENTATIONS = YES;
				CLANG_WARN_DIRECT_OBJC_ISA_USAGE = YES_ERROR;
				CLANG_WARN_DOCUMENTATION_COMMENTS = YES;
				CLANG_WARN_EMPTY_BODY = YES;
				CLANG_WARN_ENUM_CONVERSION = YES;
				CLANG_WARN_INFINITE_RECURSION = YES;
				CLANG_WARN_INT_CONVERSION = YES;
				CLANG_WARN_NON_LITERAL_NULL_CONVERSION = YES;
				CLANG_WARN_OBJC_IMPLICIT_RETAIN_SELF = YES;
				CLANG_WARN_OBJC_LITERAL_CONVERSION = YES;
				CLANG_WARN_OBJC_ROOT_CLASS = YES_ERROR;
				CLANG_WARN_QUOTED_INCLUDE_IN_FRAMEWORK_HEADER = YES;
				CLANG_WARN_RANGE_LOOP_ANALYSIS = YES;
				CLANG_WARN_STRICT_PROTOTYPES = YES;
				CLANG_WARN_SUSPICIOUS_MOVE = YES;
				CLANG_WARN_UNGUARDED_AVAILABILITY = YES_AGGRESSIVE;
				CLANG_WARN_UNREACHABLE_CODE = YES;
				CLANG_WARN__DUPLICATE_METHOD_MATCH = YES;
				COPY_PHASE_STRIP = NO;
				DEBUG_INFORMATION_FORMAT = "dwarf-with-dsym";
				ENABLE_NS_ASSERTIONS = NO;
				ENABLE_STRICT_OBJC_MSGSEND = YES;
				GCC_C_LANGUAGE_STANDARD = gnu11;
				GCC_NO_COMMON_BLOCKS = YES;
				GCC_WARN_64_TO_32_BIT_CONVERSION = YES;
				GCC_WARN_ABOUT_RETURN_TYPE = YES_ERROR;
				GCC_WARN_UNDECLARED_SELECTOR = YES;
				GCC_WARN_UNINITIALIZED_AUTOS = YES_AGGRESSIVE;
				GCC_WARN_UNUSED_FUNCTION = YES;
				GCC_WARN_UNUSED_VARIABLE = YES;
				IPHONEOS_DEPLOYMENT_TARGET = 15.2;
				MTL_ENABLE_DEBUG_INFO = NO;
				MTL_FAST_MATH = YES;
				SDKROOT = iphoneos;
				SWIFT_COMPILATION_MODE = wholemodule;
				SWIFT_OPTIMIZATION_LEVEL = "-O";
				VALIDATE_PRODUCT = YES;
			};
			name = Release;
		};
		6EF634A527CC6B1400F8BFB2 /* Debug */ = {
			isa = XCBuildConfiguration;
			buildSettings = {
				ASSETCATALOG_COMPILER_APPICON_NAME = AppIcon;
				ASSETCATALOG_COMPILER_GLOBAL_ACCENT_COLOR_NAME = AccentColor;
				CODE_SIGN_STYLE = Automatic;
				CURRENT_PROJECT_VERSION = 1;
				DEVELOPMENT_TEAM = 64SV43AR2Z;
				GENERATE_INFOPLIST_FILE = YES;
				INFOPLIST_FILE = PizzaDiary/Info.plist;
				INFOPLIST_KEY_UIApplicationSupportsIndirectInputEvents = YES;
				INFOPLIST_KEY_UILaunchStoryboardName = LaunchScreen;
				INFOPLIST_KEY_UISupportedInterfaceOrientations_iPad = "UIInterfaceOrientationPortrait UIInterfaceOrientationPortraitUpsideDown UIInterfaceOrientationLandscapeLeft UIInterfaceOrientationLandscapeRight";
				INFOPLIST_KEY_UISupportedInterfaceOrientations_iPhone = "UIInterfaceOrientationPortrait UIInterfaceOrientationLandscapeLeft UIInterfaceOrientationLandscapeRight";
				IPHONEOS_DEPLOYMENT_TARGET = 14.0;
				LD_RUNPATH_SEARCH_PATHS = (
					"$(inherited)",
					"@executable_path/Frameworks",
				);
				MARKETING_VERSION = 1.0;
				PRODUCT_BUNDLE_IDENTIFIER = DChester.PizzaDiary;
				PRODUCT_NAME = "$(TARGET_NAME)";
				SWIFT_EMIT_LOC_STRINGS = YES;
				SWIFT_VERSION = 5.0;
				TARGETED_DEVICE_FAMILY = "1,2";
			};
			name = Debug;
		};
		6EF634A627CC6B1400F8BFB2 /* Release */ = {
			isa = XCBuildConfiguration;
			buildSettings = {
				ASSETCATALOG_COMPILER_APPICON_NAME = AppIcon;
				ASSETCATALOG_COMPILER_GLOBAL_ACCENT_COLOR_NAME = AccentColor;
				CODE_SIGN_STYLE = Automatic;
				CURRENT_PROJECT_VERSION = 1;
				DEVELOPMENT_TEAM = 64SV43AR2Z;
				GENERATE_INFOPLIST_FILE = YES;
				INFOPLIST_FILE = PizzaDiary/Info.plist;
				INFOPLIST_KEY_UIApplicationSupportsIndirectInputEvents = YES;
				INFOPLIST_KEY_UILaunchStoryboardName = LaunchScreen;
				INFOPLIST_KEY_UISupportedInterfaceOrientations_iPad = "UIInterfaceOrientationPortrait UIInterfaceOrientationPortraitUpsideDown UIInterfaceOrientationLandscapeLeft UIInterfaceOrientationLandscapeRight";
				INFOPLIST_KEY_UISupportedInterfaceOrientations_iPhone = "UIInterfaceOrientationPortrait UIInterfaceOrientationLandscapeLeft UIInterfaceOrientationLandscapeRight";
				IPHONEOS_DEPLOYMENT_TARGET = 14.0;
				LD_RUNPATH_SEARCH_PATHS = (
					"$(inherited)",
					"@executable_path/Frameworks",
				);
				MARKETING_VERSION = 1.0;
				PRODUCT_BUNDLE_IDENTIFIER = DChester.PizzaDiary;
				PRODUCT_NAME = "$(TARGET_NAME)";
				SWIFT_EMIT_LOC_STRINGS = YES;
				SWIFT_VERSION = 5.0;
				TARGETED_DEVICE_FAMILY = "1,2";
			};
			name = Release;
		};
/* End XCBuildConfiguration section */

/* Begin XCConfigurationList section */
		6EF6348B27CC6B1400F8BFB2 /* Build configuration list for PBXProject "PizzaDiary" */ = {
			isa = XCConfigurationList;
			buildConfigurations = (
				6EF634A227CC6B1400F8BFB2 /* Debug */,
				6EF634A327CC6B1400F8BFB2 /* Release */,
			);
			defaultConfigurationIsVisible = 0;
			defaultConfigurationName = Release;
		};
		6EF634A427CC6B1400F8BFB2 /* Build configuration list for PBXNativeTarget "PizzaDiary" */ = {
			isa = XCConfigurationList;
			buildConfigurations = (
				6EF634A527CC6B1400F8BFB2 /* Debug */,
				6EF634A627CC6B1400F8BFB2 /* Release */,
			);
			defaultConfigurationIsVisible = 0;
			defaultConfigurationName = Release;
		};
/* End XCConfigurationList section */

/* Begin XCVersionGroup section */
		6EE1429329345D2200473E04 /* PizzaCDModel.xcdatamodeld */ = {
			isa = XCVersionGroup;
			children = (
				6EE1429429345D2200473E04 /* PizzaCDModel.xcdatamodel */,
			);
			currentVersion = 6EE1429429345D2200473E04 /* PizzaCDModel.xcdatamodel */;
			path = PizzaCDModel.xcdatamodeld;
			sourceTree = "<group>";
			versionGroupType = wrapper.xcdatamodel;
		};
/* End XCVersionGroup section */
	};
	rootObject = 6EF6348827CC6B1400F8BFB2 /* Project object */;
}
